
Microsoft Visual Studio Solution File, Format Version 12.00
# Visual Studio Version 16
VisualStudioVersion = 16.0.29209.62
MinimumVisualStudioVersion = 10.0.40219.1
Project("{9A19103F-16F7-4668-BE54-9A1E7A4F7556}") = "TCPF", "TCPF\TCPF.csproj", "{FD453D67-96B7-41D2-9F40-47371244FE8C}"
EndProject
Project("{9A19103F-16F7-4668-BE54-9A1E7A4F7556}") = "NetTap", "NetTap\NetTap.csproj", "{E5C03C60-A594-4A77-AF3B-C1619A5C2D35}"
EndProject
Project("{9A19103F-16F7-4668-BE54-9A1E7A4F7556}") = "Standard", "Standard\Standard.csproj", "{F6DB60B4-FA30-4F1B-BDC6-C0E3EEFDD366}"
EndProject
Project("{9A19103F-16F7-4668-BE54-9A1E7A4F7556}") = "Server", "Server\Server.csproj", "{12BD31E8-DAF6-409F-A5D4-8B8C7E195DFB}"
EndProject
Project("{9A19103F-16F7-4668-BE54-9A1E7A4F7556}") = "Test_Extension_Interface", "Test_Extension_Interface\Test_Extension_Interface.csproj", "{36809670-674B-4CCD-B4AD-DBAD3B280161}"
EndProject
Project("{9A19103F-16F7-4668-BE54-9A1E7A4F7556}") = "Test_Extension", "Test_Extension\Test_Extension.csproj", "{5DEE5363-2815-42B2-8700-E9DD96E44EB8}"
EndProject
Project("{9A19103F-16F7-4668-BE54-9A1E7A4F7556}") = "Core", "Core\Core.csproj", "{2C1F7D41-E9DC-45A5-A021-1DD80FA55BA3}"
EndProject
Global
	GlobalSection(SolutionConfigurationPlatforms) = preSolution
		Debug|Any CPU = Debug|Any CPU
		Release|Any CPU = Release|Any CPU
	EndGlobalSection
	GlobalSection(ProjectConfigurationPlatforms) = postSolution
		{FD453D67-96B7-41D2-9F40-47371244FE8C}.Debug|Any CPU.ActiveCfg = Debug|Any CPU
		{FD453D67-96B7-41D2-9F40-47371244FE8C}.Debug|Any CPU.Build.0 = Debug|Any CPU
		{FD453D67-96B7-41D2-9F40-47371244FE8C}.Release|Any CPU.ActiveCfg = Release|Any CPU
		{FD453D67-96B7-41D2-9F40-47371244FE8C}.Release|Any CPU.Build.0 = Release|Any CPU
		{E5C03C60-A594-4A77-AF3B-C1619A5C2D35}.Debug|Any CPU.ActiveCfg = Debug|Any CPU
		{E5C03C60-A594-4A77-AF3B-C1619A5C2D35}.Debug|Any CPU.Build.0 = Debug|Any CPU
		{E5C03C60-A594-4A77-AF3B-C1619A5C2D35}.Release|Any CPU.ActiveCfg = Release|Any CPU
		{E5C03C60-A594-4A77-AF3B-C1619A5C2D35}.Release|Any CPU.Build.0 = Release|Any CPU
		{F6DB60B4-FA30-4F1B-BDC6-C0E3EEFDD366}.Debug|Any CPU.ActiveCfg = Debug|Any CPU
		{F6DB60B4-FA30-4F1B-BDC6-C0E3EEFDD366}.Debug|Any CPU.Build.0 = Debug|Any CPU
		{F6DB60B4-FA30-4F1B-BDC6-C0E3EEFDD366}.Release|Any CPU.ActiveCfg = Release|Any CPU
		{F6DB60B4-FA30-4F1B-BDC6-C0E3EEFDD366}.Release|Any CPU.Build.0 = Release|Any CPU
		{12BD31E8-DAF6-409F-A5D4-8B8C7E195DFB}.Debug|Any CPU.ActiveCfg = Debug|Any CPU
		{12BD31E8-DAF6-409F-A5D4-8B8C7E195DFB}.Debug|Any CPU.Build.0 = Debug|Any CPU
		{12BD31E8-DAF6-409F-A5D4-8B8C7E195DFB}.Release|Any CPU.ActiveCfg = Release|Any CPU
		{12BD31E8-DAF6-409F-A5D4-8B8C7E195DFB}.Release|Any CPU.Build.0 = Release|Any CPU
		{36809670-674B-4CCD-B4AD-DBAD3B280161}.Debug|Any CPU.ActiveCfg = Debug|Any CPU
		{36809670-674B-4CCD-B4AD-DBAD3B280161}.Debug|Any CPU.Build.0 = Debug|Any CPU
		{36809670-674B-4CCD-B4AD-DBAD3B280161}.Release|Any CPU.ActiveCfg = Release|Any CPU
		{36809670-674B-4CCD-B4AD-DBAD3B280161}.Release|Any CPU.Build.0 = Release|Any CPU
		{5DEE5363-2815-42B2-8700-E9DD96E44EB8}.Debug|Any CPU.ActiveCfg = Debug|Any CPU
		{5DEE5363-2815-42B2-8700-E9DD96E44EB8}.Debug|Any CPU.Build.0 = Debug|Any CPU
		{5DEE5363-2815-42B2-8700-E9DD96E44EB8}.Release|Any CPU.ActiveCfg = Release|Any CPU
		{5DEE5363-2815-42B2-8700-E9DD96E44EB8}.Release|Any CPU.Build.0 = Release|Any CPU
		{2C1F7D41-E9DC-45A5-A021-1DD80FA55BA3}.Debug|Any CPU.ActiveCfg = Debug|Any CPU
		{2C1F7D41-E9DC-45A5-A021-1DD80FA55BA3}.Debug|Any CPU.Build.0 = Debug|Any CPU
		{2C1F7D41-E9DC-45A5-A021-1DD80FA55BA3}.Release|Any CPU.ActiveCfg = Release|Any CPU
		{2C1F7D41-E9DC-45A5-A021-1DD80FA55BA3}.Release|Any CPU.Build.0 = Release|Any CPU
	EndGlobalSection
	GlobalSection(SolutionProperties) = preSolution
		HideSolutionNode = FALSE
	EndGlobalSection
	GlobalSection(ExtensibilityGlobals) = postSolution
		SolutionGuid = {46587036-2B44-4E18-A9DE-275F9B15C2AA}
	EndGlobalSection
EndGlobal
